
Microsoft Visual Studio Solution File, Format Version 12.00
# Visual Studio Version 16
VisualStudioVersion = 16.0.29519.87
MinimumVisualStudioVersion = 10.0.40219.1
Project("{FAE04EC0-301F-11D3-BF4B-00C04F79EFBC}") = "TouristHelp", "TouristHelp\TouristHelp.csproj", "{DD7D3608-B5F2-4335-ADAA-3940697FD277}"
EndProject
Global
	GlobalSection(SolutionConfigurationPlatforms) = preSolution
		Debug|Any CPU = Debug|Any CPU
		Release|Any CPU = Release|Any CPU
	EndGlobalSection
	GlobalSection(ProjectConfigurationPlatforms) = postSolution
		{DD7D3608-B5F2-4335-ADAA-3940697FD277}.Debug|Any CPU.ActiveCfg = Debug|Any CPU
		{DD7D3608-B5F2-4335-ADAA-3940697FD277}.Debug|Any CPU.Build.0 = Debug|Any CPU
		{DD7D3608-B5F2-4335-ADAA-3940697FD277}.Release|Any CPU.ActiveCfg = Release|Any CPU
		{DD7D3608-B5F2-4335-ADAA-3940697FD277}.Release|Any CPU.Build.0 = Release|Any CPU
	EndGlobalSection
	GlobalSection(SolutionProperties) = preSolution
		HideSolutionNode = FALSE
	EndGlobalSection
	GlobalSection(ExtensibilityGlobals) = postSolution
		SolutionGuid = {FC8DA147-6BB6-442E-9DD2-592D68951254}
	EndGlobalSection
EndGlobal
